// !$*UTF8*$!
{
	archiveVersion = 1;
	classes = {
	};
	objectVersion = 77;
	objects = {

/* Begin PBXContainerItemProxy section */
		0B0900A92EF5273200FE9AF4 /* PBXContainerItemProxy */ = {
			isa = PBXContainerItemProxy;
			containerPortal = 0B09008A2EF5273100FE9AF4 /* Project object */;
			proxyType = 1;
			remoteGlobalIDString = 0B0900912EF5273100FE9AF4;
			remoteInfo = myFirstProject;
		};
		0B0900B32EF5273200FE9AF4 /* PBXContainerItemProxy */ = {
			isa = PBXContainerItemProxy;
			containerPortal = 0B09008A2EF5273100FE9AF4 /* Project object */;
			proxyType = 1;
			remoteGlobalIDString = 0B0900912EF5273100FE9AF4;
			remoteInfo = myFirstProject;
		};
/* End PBXContainerItemProxy section */

/* Begin PBXFileReference section */
		0B0900922EF5273100FE9AF4 /* myFirstProject.app */ = {isa = PBXFileReference; explicitFileType = wrapper.application; includeInIndex = 0; path = myFirstProject.app; sourceTree = BUILT_PRODUCTS_DIR; };
		0B0900A82EF5273200FE9AF4 /* myFirstProjectTests.xctest */ = {isa = PBXFileReference; explicitFileType = wrapper.cfbundle; includeInIndex = 0; path = myFirstProjectTests.xctest; sourceTree = BUILT_PRODUCTS_DIR; };
		0B0900B22EF5273200FE9AF4 /* myFirstProjectUITests.xctest */ = {isa = PBXFileReference; explicitFileType = wrapper.cfbundle; includeInIndex = 0; path = myFirstProjectUITests.xctest; sourceTree = BUILT_PRODUCTS_DIR; };
/* End PBXFileReference section */

/* Begin PBXFileSystemSynchronizedBuildFileExceptionSet section */
		0B0900BA2EF5273200FE9AF4 /* Exceptions for "myFirstProject" folder in "myFirstProject" target */ = {
			isa = PBXFileSystemSynchronizedBuildFileExceptionSet;
			membershipExceptions = (
				Info.plist,
			);
			target = 0B0900912EF5273100FE9AF4 /* myFirstProject */;
		};
/* End PBXFileSystemSynchronizedBuildFileExceptionSet section */

/* Begin PBXFileSystemSynchronizedRootGroup section */
		0B0900942EF5273100FE9AF4 /* myFirstProject */ = {
			isa = PBXFileSystemSynchronizedRootGroup;
			exceptions = (
				0B0900BA2EF5273200FE9AF4 /* Exceptions for "myFirstProject" folder in "myFirstProject" target */,
			);
			path = myFirstProject;
			sourceTree = "<group>";
		};
		0B0900AB2EF5273200FE9AF4 /* myFirstProjectTests */ = {
			isa = PBXFileSystemSynchronizedRootGroup;
			path = myFirstProjectTests;
			sourceTree = "<group>";
		};
		0B0900B52EF5273200FE9AF4 /* myFirstProjectUITests */ = {
			isa = PBXFileSystemSynchronizedRootGroup;
			path = myFirstProjectUITests;
			sourceTree = "<group>";
		};
/* End PBXFileSystemSynchronizedRootGroup section */

/* Begin PBXFrameworksBuildPhase section */
		0B09008F2EF5273100FE9AF4 /* Frameworks */ = {
			isa = PBXFrameworksBuildPhase;
			buildActionMask = 2147483647;
			files = (
			);
			runOnlyForDeploymentPostprocessing = 0;
		};
		0B0900A52EF5273200FE9AF4 /* Frameworks */ = {
			isa = PBXFrameworksBuildPhase;
			buildActionMask = 2147483647;
			files = (
			);
			runOnlyForDeploymentPostprocessing = 0;
		};
		0B0900AF2EF5273200FE9AF4 /* Frameworks */ = {
			isa = PBXFrameworksBuildPhase;
			buildActionMask = 2147483647;
			files = (
			);
			runOnlyForDeploymentPostprocessing = 0;
		};
/* End PBXFrameworksBuildPhase section */

/* Begin PBXGroup section */
		0B0900892EF5273100FE9AF4 = {
			isa = PBXGroup;
			children = (
				0B0900942EF5273100FE9AF4 /* myFirstProject */,
				0B0900AB2EF5273200FE9AF4 /* myFirstProjectTests */,
				0B0900B52EF5273200FE9AF4 /* myFirstProjectUITests */,
				0B0900932EF5273100FE9AF4 /* Products */,
			);
			sourceTree = "<group>";
		};
		0B0900932EF5273100FE9AF4 /* Products */ = {
			isa = PBXGroup;
			children = (
				0B0900922EF5273100FE9AF4 /* myFirstProject.app */,
				0B0900A82EF5273200FE9AF4 /* myFirstProjectTests.xctest */,
				0B0900B22EF5273200FE9AF4 /* myFirstProjectUITests.xctest */,
			);
			name = Products;
			sourceTree = "<group>";
		};
/* End PBXGroup section */

/* Begin PBXNativeTarget section */
		0B0900912EF5273100FE9AF4 /* myFirstProject */ = {
			isa = PBXNativeTarget;
			buildConfigurationList = 0B0900BB2EF5273200FE9AF4 /* Build configuration list for PBXNativeTarget "myFirstProject" */;
			buildPhases = (
				0B09008E2EF5273100FE9AF4 /* Sources */,
				0B09008F2EF5273100FE9AF4 /* Frameworks */,
				0B0900902EF5273100FE9AF4 /* Resources */,
			);
			buildRules = (
			);
			dependencies = (
			);
			fileSystemSynchronizedGroups = (
				0B0900942EF5273100FE9AF4 /* myFirstProject */,
			);
			name = myFirstProject;
			packageProductDependencies = (
			);
			productName = myFirstProject;
			productReference = 0B0900922EF5273100FE9AF4 /* myFirstProject.app */;
			productType = "com.apple.product-type.application";
		};
		0B0900A72EF5273200FE9AF4 /* myFirstProjectTests */ = {
			isa = PBXNativeTarget;
			buildConfigurationList = 0B0900C02EF5273200FE9AF4 /* Build configuration list for PBXNativeTarget "myFirstProjectTests" */;
			buildPhases = (
				0B0900A42EF5273200FE9AF4 /* Sources */,
				0B0900A52EF5273200FE9AF4 /* Frameworks */,
				0B0900A62EF5273200FE9AF4 /* Resources */,
			);
			buildRules = (
			);
			dependencies = (
				0B0900AA2EF5273200FE9AF4 /* PBXTargetDependency */,
			);
			fileSystemSynchronizedGroups = (
				0B0900AB2EF5273200FE9AF4 /* myFirstProjectTests */,
			);
			name = myFirstProjectTests;
			packageProductDependencies = (
			);
			productName = myFirstProjectTests;
			productReference = 0B0900A82EF5273200FE9AF4 /* myFirstProjectTests.xctest */;
			productType = "com.apple.product-type.bundle.unit-test";
		};
		0B0900B12EF5273200FE9AF4 /* myFirstProjectUITests */ = {
			isa = PBXNativeTarget;
			buildConfigurationList = 0B0900C32EF5273200FE9AF4 /* Build configuration list for PBXNativeTarget "myFirstProjectUITests" */;
			buildPhases = (
				0B0900AE2EF5273200FE9AF4 /* Sources */,
				0B0900AF2EF5273200FE9AF4 /* Frameworks */,
				0B0900B02EF5273200FE9AF4 /* Resources */,
			);
			buildRules = (
			);
			dependencies = (
				0B0900B42EF5273200FE9AF4 /* PBXTargetDependency */,
			);
			fileSystemSynchronizedGroups = (
				0B0900B52EF5273200FE9AF4 /* myFirstProjectUITests */,
			);
			name = myFirstProjectUITests;
			packageProductDependencies = (
			);
			productName = myFirstProjectUITests;
			productReference = 0B0900B22EF5273200FE9AF4 /* myFirstProjectUITests.xctest */;
			productType = "com.apple.product-type.bundle.ui-testing";
		};
/* End PBXNativeTarget section */

/* Begin PBXProject section */
		0B09008A2EF5273100FE9AF4 /* Project object */ = {
			isa = PBXProject;
			attributes = {
				BuildIndependentTargetsInParallel = 1;
				LastSwiftUpdateCheck = 1620;
				LastUpgradeCheck = 1620;
				TargetAttributes = {
					0B0900912EF5273100FE9AF4 = {
						CreatedOnToolsVersion = 16.2;
					};
					0B0900A72EF5273200FE9AF4 = {
						CreatedOnToolsVersion = 16.2;
						TestTargetID = 0B0900912EF5273100FE9AF4;
					};
					0B0900B12EF5273200FE9AF4 = {
						CreatedOnToolsVersion = 16.2;
						TestTargetID = 0B0900912EF5273100FE9AF4;
					};
				};
			};
			buildConfigurationList = 0B09008D2EF5273100FE9AF4 /* Build configuration list for PBXProject "myFirstProject" */;
			developmentRegion = en;
			hasScannedForEncodings = 0;
			knownRegions = (
				en,
				Base,
			);
			mainGroup = 0B0900892EF5273100FE9AF4;
			minimizedProjectReferenceProxies = 1;
			preferredProjectObjectVersion = 77;
			productRefGroup = 0B0900932EF5273100FE9AF4 /* Products */;
			projectDirPath = "";
			projectRoot = "";
			targets = (
				0B0900912EF5273100FE9AF4 /* myFirstProject */,
				0B0900A72EF5273200FE9AF4 /* myFirstProjectTests */,
				0B0900B12EF5273200FE9AF4 /* myFirstProjectUITests */,
			);
		};
/* End PBXProject section */

/* Begin PBXResourcesBuildPhase section */
		0B0900902EF5273100FE9AF4 /* Resources */ = {
			isa = PBXResourcesBuildPhase;
			buildActionMask = 2147483647;
			files = (
			);
			runOnlyForDeploymentPostprocessing = 0;
		};
		0B0900A62EF5273200FE9AF4 /* Resources */ = {
			isa = PBXResourcesBuildPhase;
			buildActionMask = 2147483647;
			files = (
			);
			runOnlyForDeploymentPostprocessing = 0;
		};
		0B0900B02EF5273200FE9AF4 /* Resources */ = {
			isa = PBXResourcesBuildPhase;
			buildActionMask = 2147483647;
			files = (
			);
			runOnlyForDeploymentPostprocessing = 0;
		};
/* End PBXResourcesBuildPhase section */

/* Begin PBXSourcesBuildPhase section */
		0B09008E2EF5273100FE9AF4 /* Sources */ = {
			isa = PBXSourcesBuildPhase;
			buildActionMask = 2147483647;
			files = (
			);
			runOnlyForDeploymentPostprocessing = 0;
		};
		0B0900A42EF5273200FE9AF4 /* Sources */ = {
			isa = PBXSourcesBuildPhase;
			buildActionMask = 2147483647;
			files = (
			);
			runOnlyForDeploymentPostprocessing = 0;
		};
		0B0900AE2EF5273200FE9AF4 /* Sources */ = {
			isa = PBXSourcesBuildPhase;
			buildActionMask = 2147483647;
			files = (
			);
			runOnlyForDeploymentPostprocessing = 0;
		};
/* End PBXSourcesBuildPhase section */

/* Begin PBXTargetDependency section */
		0B0900AA2EF5273200FE9AF4 /* PBXTargetDependency */ = {
			isa = PBXTargetDependency;
			target = 0B0900912EF5273100FE9AF4 /* myFirstProject */;
			targetProxy = 0B0900A92EF5273200FE9AF4 /* PBXContainerItemProxy */;
		};
		0B0900B42EF5273200FE9AF4 /* PBXTargetDependency */ = {
			isa = PBXTargetDependency;
			target = 0B0900912EF5273100FE9AF4 /* myFirstProject */;
			targetProxy = 0B0900B32EF5273200FE9AF4 /* PBXContainerItemProxy */;
		};
/* End PBXTargetDependency section */

/* Begin XCBuildConfiguration section */
		0B0900BC2EF5273200FE9AF4 /* Debug */ = {
			isa = XCBuildConfiguration;
			buildSettings = {
				ASSETCATALOG_COMPILER_APPICON_NAME = AppIcon;
				ASSETCATALOG_COMPILER_GLOBAL_ACCENT_COLOR_NAME = AccentColor;
				CODE_SIGN_STYLE = Automatic;
				CURRENT_PROJECT_VERSION = 1;
				GENERATE_INFOPLIST_FILE = YES;
				INFOPLIST_FILE = myFirstProject/Info.plist;
				INFOPLIST_KEY_UIApplicationSupportsIndirectInputEvents = YES;
				INFOPLIST_KEY_UILaunchStoryboardName = LaunchScreen;
				INFOPLIST_KEY_UIMainStoryboardFile = Main;
				INFOPLIST_KEY_UISupportedInterfaceOrientations_iPad = "UIInterfaceOrientationPortrait UIInterfaceOrientationPortraitUpsideDown UIInterfaceOrientationLandscapeLeft UIInterfaceOrientationLandscapeRight";
				INFOPLIST_KEY_UISupportedInterfaceOrientations_iPhone = "UIInterfaceOrientationPortrait UIInterfaceOrientationLandscapeLeft UIInterfaceOrientationLandscapeRight";
				LD_RUNPATH_SEARCH_PATHS = (
					"$(inherited)",
					"@executable_path/Frameworks",
				);
				MARKETING_VERSION = 1.0;
				PRODUCT_BUNDLE_IDENTIFIER = xyz.myFirstProject;
				PRODUCT_NAME = "$(TARGET_NAME)";
				SWIFT_EMIT_LOC_STRINGS = YES;
				SWIFT_VERSION = 5.0;
				TARGETED_DEVICE_FAMILY = "1,2";
			};
			name = Debug;
		};
		0B0900BD2EF5273200FE9AF4 /* Release */ = {
			isa = XCBuildConfiguration;
			buildSettings = {
				ASSETCATALOG_COMPILER_APPICON_NAME = AppIcon;
				ASSETCATALOG_COMPILER_GLOBAL_ACCENT_COLOR_NAME = AccentColor;
				CODE_SIGN_STYLE = Automatic;
				CURRENT_PROJECT_VERSION = 1;
				GENERATE_INFOPLIST_FILE = YES;
				INFOPLIST_FILE = myFirstProject/Info.plist;
				INFOPLIST_KEY_UIApplicationSupportsIndirectInputEvents = YES;
				INFOPLIST_KEY_UILaunchStoryboardName = LaunchScreen;
				INFOPLIST_KEY_UIMainStoryboardFile = Main;
				INFOPLIST_KEY_UISupportedInterfaceOrientations_iPad = "UIInterfaceOrientationPortrait UIInterfaceOrientationPortraitUpsideDown UIInterfaceOrientationLandscapeLeft UIInterfaceOrientationLandscapeRight";
				INFOPLIST_KEY_UISupportedInterfaceOrientations_iPhone = "UIInterfaceOrientationPortrait UIInterfaceOrientationLandscapeLeft UIInterfaceOrientationLandscapeRight";
				LD_RUNPATH_SEARCH_PATHS = (
					"$(inherited)",
					"@executable_path/Frameworks",
				);
				MARKETING_VERSION = 1.0;
				PRODUCT_BUNDLE_IDENTIFIER = xyz.myFirstProject;
				PRODUCT_NAME = "$(TARGET_NAME)";
				SWIFT_EMIT_LOC_STRINGS = YES;
				SWIFT_VERSION = 5.0;
				TARGETED_DEVICE_FAMILY = "1,2";
			};
			name = Release;
		};
		0B0900BE2EF5273200FE9AF4 /* Debug */ = {
			isa = XCBuildConfiguration;
			buildSettings = {
				ALWAYS_SEARCH_USER_PATHS = NO;
				ASSETCATALOG_COMPILER_GENERATE_SWIFT_ASSET_SYMBOL_EXTENSIONS = YES;
				CLANG_ANALYZER_NONNULL = YES;
				CLANG_ANALYZER_NUMBER_OBJECT_CONVERSION = YES_AGGRESSIVE;
				CLANG_CXX_LANGUAGE_STANDARD = "gnu++20";
				CLANG_ENABLE_MODULES = YES;
				CLANG_ENABLE_OBJC_ARC = YES;
				CLANG_ENABLE_OBJC_WEAK = YES;
				CLANG_WARN_BLOCK_CAPTURE_AUTORELEASING = YES;
				CLANG_WARN_BOOL_CONVERSION = YES;
				CLANG_WARN_COMMA = YES;
				CLANG_WARN_CONSTANT_CONVERSION = YES;
				CLANG_WARN_DEPRECATED_OBJC_IMPLEMENTATIONS = YES;
				CLANG_WARN_DIRECT_OBJC_ISA_USAGE = YES_ERROR;
				CLANG_WARN_DOCUMENTATION_COMMENTS = YES;
				CLANG_WARN_EMPTY_BODY = YES;
				CLANG_WARN_ENUM_CONVERSION = YES;
				CLANG_WARN_INFINITE_RECURSION = YES;
				CLANG_WARN_INT_CONVERSION = YES;
				CLANG_WARN_NON_LITERAL_NULL_CONVERSION = YES;
				CLANG_WARN_OBJC_IMPLICIT_RETAIN_SELF = YES;
				CLANG_WARN_OBJC_LITERAL_CONVERSION = YES;
				CLANG_WARN_OBJC_ROOT_CLASS = YES_ERROR;
				CLANG_WARN_QUOTED_INCLUDE_IN_FRAMEWORK_HEADER = YES;
				CLANG_WARN_RANGE_LOOP_ANALYSIS = YES;
				CLANG_WARN_STRICT_PROTOTYPES = YES;
				CLANG_WARN_SUSPICIOUS_MOVE = YES;
				CLANG_WARN_UNGUARDED_AVAILABILITY = YES_AGGRESSIVE;
				CLANG_WARN_UNREACHABLE_CODE = YES;
				CLANG_WARN__DUPLICATE_METHOD_MATCH = YES;
				COPY_PHASE_STRIP = NO;
				DEBUG_INFORMATION_FORMAT = dwarf;
				ENABLE_STRICT_OBJC_MSGSEND = YES;
				ENABLE_TESTABILITY = YES;
				ENABLE_USER_SCRIPT_SANDBOXING = YES;
				GCC_C_LANGUAGE_STANDARD = gnu17;
				GCC_DYNAMIC_NO_PIC = NO;
				GCC_NO_COMMON_BLOCKS = YES;
				GCC_OPTIMIZATION_LEVEL = 0;
				GCC_PREPROCESSOR_DEFINITIONS = (
					"DEBUG=1",
					"$(inherited)",
				);
				GCC_WARN_64_TO_32_BIT_CONVERSION = YES;
				GCC_WARN_ABOUT_RETURN_TYPE = YES_ERROR;
				GCC_WARN_UNDECLARED_SELECTOR = YES;
				GCC_WARN_UNINITIALIZED_AUTOS = YES_AGGRESSIVE;
				GCC_WARN_UNUSED_FUNCTION = YES;
				GCC_WARN_UNUSED_VARIABLE = YES;
				IPHONEOS_DEPLOYMENT_TARGET = 18.2;
				LOCALIZATION_PREFERS_STRING_CATALOGS = YES;
				MTL_ENABLE_DEBUG_INFO = INCLUDE_SOURCE;
				MTL_FAST_MATH = YES;
				ONLY_ACTIVE_ARCH = YES;
				SDKROOT = iphoneos;
				SWIFT_ACTIVE_COMPILATION_CONDITIONS = "DEBUG $(inherited)";
				SWIFT_OPTIMIZATION_LEVEL = "-Onone";
			};
			name = Debug;
		};
		0B0900BF2EF5273200FE9AF4 /* Release */ = {
			isa = XCBuildConfiguration;
			buildSettings = {
				ALWAYS_SEARCH_USER_PATHS = NO;
				ASSETCATALOG_COMPILER_GENERATE_SWIFT_ASSET_SYMBOL_EXTENSIONS = YES;
				CLANG_ANALYZER_NONNULL = YES;
				CLANG_ANALYZER_NUMBER_OBJECT_CONVERSION = YES_AGGRESSIVE;
				CLANG_CXX_LANGUAGE_STANDARD = "gnu++20";
				CLANG_ENABLE_MODULES = YES;
				CLANG_ENABLE_OBJC_ARC = YES;
				CLANG_ENABLE_OBJC_WEAK = YES;
				CLANG_WARN_BLOCK_CAPTURE_AUTORELEASING = YES;
				CLANG_WARN_BOOL_CONVERSION = YES;
				CLANG_WARN_COMMA = YES;
				CLANG_WARN_CONSTANT_CONVERSION = YES;
				CLANG_WARN_DEPRECATED_OBJC_IMPLEMENTATIONS = YES;
				CLANG_WARN_DIRECT_OBJC_ISA_USAGE = YES_ERROR;
				CLANG_WARN_DOCUMENTATION_COMMENTS = YES;
				CLANG_WARN_EMPTY_BODY = YES;
				CLANG_WARN_ENUM_CONVERSION = YES;
				CLANG_WARN_INFINITE_RECURSION = YES;
				CLANG_WARN_INT_CONVERSION = YES;
				CLANG_WARN_NON_LITERAL_NULL_CONVERSION = YES;
				CLANG_WARN_OBJC_IMPLICIT_RETAIN_SELF = YES;
				CLANG_WARN_OBJC_LITERAL_CONVERSION = YES;
				CLANG_WARN_OBJC_ROOT_CLASS = YES_ERROR;
				CLANG_WARN_QUOTED_INCLUDE_IN_FRAMEWORK_HEADER = YES;
				CLANG_WARN_RANGE_LOOP_ANALYSIS = YES;
				CLANG_WARN_STRICT_PROTOTYPES = YES;
				CLANG_WARN_SUSPICIOUS_MOVE = YES;
				CLANG_WARN_UNGUARDED_AVAILABILITY = YES_AGGRESSIVE;
				CLANG_WARN_UNREACHABLE_CODE = YES;
				CLANG_WARN__DUPLICATE_METHOD_MATCH = YES;
				COPY_PHASE_STRIP = NO;
				DEBUG_INFORMATION_FORMAT = "dwarf-with-dsym";
				ENABLE_NS_ASSERTIONS = NO;
				ENABLE_STRICT_OBJC_MSGSEND = YES;
				ENABLE_USER_SCRIPT_SANDBOXING = YES;
				GCC_C_LANGUAGE_STANDARD = gnu17;
				GCC_NO_COMMON_BLOCKS = YES;
				GCC_WARN_64_TO_32_BIT_CONVERSION = YES;
				GCC_WARN_ABOUT_RETURN_TYPE = YES_ERROR;
				GCC_WARN_UNDECLARED_SELECTOR = YES;
				GCC_WARN_UNINITIALIZED_AUTOS = YES_AGGRESSIVE;
				GCC_WARN_UNUSED_FUNCTION = YES;
				GCC_WARN_UNUSED_VARIABLE = YES;
				IPHONEOS_DEPLOYMENT_TARGET = 18.2;
				LOCALIZATION_PREFERS_STRING_CATALOGS = YES;
				MTL_ENABLE_DEBUG_INFO = NO;
				MTL_FAST_MATH = YES;
				SDKROOT = iphoneos;
				SWIFT_COMPILATION_MODE = wholemodule;
				VALIDATE_PRODUCT = YES;
			};
			name = Release;
		};
		0B0900C12EF5273200FE9AF4 /* Debug */ = {
			isa = XCBuildConfiguration;
			buildSettings = {
				BUNDLE_LOADER = "$(TEST_HOST)";
				CODE_SIGN_STYLE = Automatic;
				CURRENT_PROJECT_VERSION = 1;
				GENERATE_INFOPLIST_FILE = YES;
				IPHONEOS_DEPLOYMENT_TARGET = 18.2;
				MARKETING_VERSION = 1.0;
				PRODUCT_BUNDLE_IDENTIFIER = xyz.myFirstProjectTests;
				PRODUCT_NAME = "$(TARGET_NAME)";
				SWIFT_EMIT_LOC_STRINGS = NO;
				SWIFT_VERSION = 5.0;
				TARGETED_DEVICE_FAMILY = "1,2";
				TEST_HOST = "$(BUILT_PRODUCTS_DIR)/myFirstProject.app/$(BUNDLE_EXECUTABLE_FOLDER_PATH)/myFirstProject";
			};
			name = Debug;
		};
		0B0900C22EF5273200FE9AF4 /* Release */ = {
			isa = XCBuildConfiguration;
			buildSettings = {
				BUNDLE_LOADER = "$(TEST_HOST)";
				CODE_SIGN_STYLE = Automatic;
				CURRENT_PROJECT_VERSION = 1;
				GENERATE_INFOPLIST_FILE = YES;
				IPHONEOS_DEPLOYMENT_TARGET = 18.2;
				MARKETING_VERSION = 1.0;
				PRODUCT_BUNDLE_IDENTIFIER = xyz.myFirstProjectTests;
				PRODUCT_NAME = "$(TARGET_NAME)";
				SWIFT_EMIT_LOC_STRINGS = NO;
				SWIFT_VERSION = 5.0;
				TARGETED_DEVICE_FAMILY = "1,2";
				TEST_HOST = "$(BUILT_PRODUCTS_DIR)/myFirstProject.app/$(BUNDLE_EXECUTABLE_FOLDER_PATH)/myFirstProject";
			};
			name = Release;
		};
		0B0900C42EF5273200FE9AF4 /* Debug */ = {
			isa = XCBuildConfiguration;
			buildSettings = {
				CODE_SIGN_STYLE = Automatic;
				CURRENT_PROJECT_VERSION = 1;
				GENERATE_INFOPLIST_FILE = YES;
				MARKETING_VERSION = 1.0;
				PRODUCT_BUNDLE_IDENTIFIER = xyz.myFirstProjectUITests;
				PRODUCT_NAME = "$(TARGET_NAME)";
				SWIFT_EMIT_LOC_STRINGS = NO;
				SWIFT_VERSION = 5.0;
				TARGETED_DEVICE_FAMILY = "1,2";
				TEST_TARGET_NAME = myFirstProject;
			};
			name = Debug;
		};
		0B0900C52EF5273200FE9AF4 /* Release */ = {
			isa = XCBuildConfiguration;
			buildSettings = {
				CODE_SIGN_STYLE = Automatic;
				CURRENT_PROJECT_VERSION = 1;
				GENERATE_INFOPLIST_FILE = YES;
				MARKETING_VERSION = 1.0;
				PRODUCT_BUNDLE_IDENTIFIER = xyz.myFirstProjectUITests;
				PRODUCT_NAME = "$(TARGET_NAME)";
				SWIFT_EMIT_LOC_STRINGS = NO;
				SWIFT_VERSION = 5.0;
				TARGETED_DEVICE_FAMILY = "1,2";
				TEST_TARGET_NAME = myFirstProject;
			};
			name = Release;
		};
/* End XCBuildConfiguration section */

/* Begin XCConfigurationList section */
		0B09008D2EF5273100FE9AF4 /* Build configuration list for PBXProject "myFirstProject" */ = {
			isa = XCConfigurationList;
			buildConfigurations = (
				0B0900BE2EF5273200FE9AF4 /* Debug */,
				0B0900BF2EF5273200FE9AF4 /* Release */,
			);
			defaultConfigurationIsVisible = 0;
			defaultConfigurationName = Release;
		};
		0B0900BB2EF5273200FE9AF4 /* Build configuration list for PBXNativeTarget "myFirstProject" */ = {
			isa = XCConfigurationList;
			buildConfigurations = (
				0B0900BC2EF5273200FE9AF4 /* Debug */,
				0B0900BD2EF5273200FE9AF4 /* Release */,
			);
			defaultConfigurationIsVisible = 0;
			defaultConfigurationName = Release;
		};
		0B0900C02EF5273200FE9AF4 /* Build configuration list for PBXNativeTarget "myFirstProjectTests" */ = {
			isa = XCConfigurationList;
			buildConfigurations = (
				0B0900C12EF5273200FE9AF4 /* Debug */,
				0B0900C22EF5273200FE9AF4 /* Release */,
			);
			defaultConfigurationIsVisible = 0;
			defaultConfigurationName = Release;
		};
		0B0900C32EF5273200FE9AF4 /* Build configuration list for PBXNativeTarget "myFirstProjectUITests" */ = {
			isa = XCConfigurationList;
			buildConfigurations = (
				0B0900C42EF5273200FE9AF4 /* Debug */,
				0B0900C52EF5273200FE9AF4 /* Release */,
			);
			defaultConfigurationIsVisible = 0;
			defaultConfigurationName = Release;
		};
/* End XCConfigurationList section */
	};
	rootObject = 0B09008A2EF5273100FE9AF4 /* Project object */;
}
